
Microsoft Visual Studio Solution File, Format Version 12.00
# Visual Studio Version 17
VisualStudioVersion = 17.11.35208.52
MinimumVisualStudioVersion = 10.0.40219.1
Project("{FAE04EC0-301F-11D3-BF4B-00C04F79EFBC}") = "ChatServer", "ChatServer\ChatServer.csproj", "{AC88B8B6-A566-4915-AD63-1FEEA72D2290}"
EndProject
Project("{FAE04EC0-301F-11D3-BF4B-00C04F79EFBC}") = "ChatClient", "ChatClient\ChatClient.csproj", "{515E9B82-68E1-4E1A-86D8-E12375039AB6}"
EndProject
Global
	GlobalSection(SolutionConfigurationPlatforms) = preSolution
		Debug|Any CPU = Debug|Any CPU
		Release|Any CPU = Release|Any CPU
	EndGlobalSection
	GlobalSection(ProjectConfigurationPlatforms) = postSolution
		{AC88B8B6-A566-4915-AD63-1FEEA72D2290}.Debug|Any CPU.ActiveCfg = Debug|Any CPU
		{AC88B8B6-A566-4915-AD63-1FEEA72D2290}.Debug|Any CPU.Build.0 = Debug|Any CPU
		{AC88B8B6-A566-4915-AD63-1FEEA72D2290}.Release|Any CPU.ActiveCfg = Release|Any CPU
		{AC88B8B6-A566-4915-AD63-1FEEA72D2290}.Release|Any CPU.Build.0 = Release|Any CPU
		{515E9B82-68E1-4E1A-86D8-E12375039AB6}.Debug|Any CPU.ActiveCfg = Debug|Any CPU
		{515E9B82-68E1-4E1A-86D8-E12375039AB6}.Debug|Any CPU.Build.0 = Debug|Any CPU
		{515E9B82-68E1-4E1A-86D8-E12375039AB6}.Release|Any CPU.ActiveCfg = Release|Any CPU
		{515E9B82-68E1-4E1A-86D8-E12375039AB6}.Release|Any CPU.Build.0 = Release|Any CPU
	EndGlobalSection
	GlobalSection(SolutionProperties) = preSolution
		HideSolutionNode = FALSE
	EndGlobalSection
	GlobalSection(ExtensibilityGlobals) = postSolution
		SolutionGuid = {A28C3C4B-9716-4A6C-8C33-EB41633B0062}
	EndGlobalSection
EndGlobal
